
Microsoft Visual Studio Solution File, Format Version 12.00
# Visual Studio Version 17
VisualStudioVersion = 17.14.36221.1 d17.14
MinimumVisualStudioVersion = 10.0.40219.1
Project("{FAE04EC0-301F-11D3-BF4B-00C04F79EFBC}") = "Assignment", "Assignment\Assignment.csproj", "{933434C2-2954-43E1-AD53-2AA82D647743}"
EndProject
Project("{FAE04EC0-301F-11D3-BF4B-00C04F79EFBC}") = "Demo", "Demo\Demo.csproj", "{A16FB612-9C4C-4AFE-849A-F8FAFAFABD62}"
EndProject
Global
	GlobalSection(SolutionConfigurationPlatforms) = preSolution
		Debug|Any CPU = Debug|Any CPU
		Release|Any CPU = Release|Any CPU
	EndGlobalSection
	GlobalSection(ProjectConfigurationPlatforms) = postSolution
		{933434C2-2954-43E1-AD53-2AA82D647743}.Debug|Any CPU.ActiveCfg = Debug|Any CPU
		{933434C2-2954-43E1-AD53-2AA82D647743}.Debug|Any CPU.Build.0 = Debug|Any CPU
		{933434C2-2954-43E1-AD53-2AA82D647743}.Release|Any CPU.ActiveCfg = Release|Any CPU
		{933434C2-2954-43E1-AD53-2AA82D647743}.Release|Any CPU.Build.0 = Release|Any CPU
		{A16FB612-9C4C-4AFE-849A-F8FAFAFABD62}.Debug|Any CPU.ActiveCfg = Debug|Any CPU
		{A16FB612-9C4C-4AFE-849A-F8FAFAFABD62}.Debug|Any CPU.Build.0 = Debug|Any CPU
		{A16FB612-9C4C-4AFE-849A-F8FAFAFABD62}.Release|Any CPU.ActiveCfg = Release|Any CPU
		{A16FB612-9C4C-4AFE-849A-F8FAFAFABD62}.Release|Any CPU.Build.0 = Release|Any CPU
	EndGlobalSection
	GlobalSection(SolutionProperties) = preSolution
		HideSolutionNode = FALSE
	EndGlobalSection
	GlobalSection(ExtensibilityGlobals) = postSolution
		SolutionGuid = {6680C79E-5A82-4FB9-814A-0BF7A66C956D}
	EndGlobalSection
EndGlobal
